
Microsoft Visual Studio Solution File, Format Version 12.00
# Visual Studio Version 17
VisualStudioVersion = 17.6.33712.159
MinimumVisualStudioVersion = 10.0.40219.1
Project("{FAE04EC0-301F-11D3-BF4B-00C04F79EFBC}") = "PropertyAccessExample", "PropertyAccessExample.csproj", "{E54A6EF3-B27D-4F74-B7C8-A87F572A025C}"
EndProject
Global
	GlobalSection(SolutionConfigurationPlatforms) = preSolution
		Debug|Any CPU = Debug|Any CPU
		Release|Any CPU = Release|Any CPU
	EndGlobalSection
	GlobalSection(ProjectConfigurationPlatforms) = postSolution
		{E54A6EF3-B27D-4F74-B7C8-A87F572A025C}.Debug|Any CPU.ActiveCfg = Debug|Any CPU
		{E54A6EF3-B27D-4F74-B7C8-A87F572A025C}.Debug|Any CPU.Build.0 = Debug|Any CPU
		{E54A6EF3-B27D-4F74-B7C8-A87F572A025C}.Release|Any CPU.ActiveCfg = Release|Any CPU
		{E54A6EF3-B27D-4F74-B7C8-A87F572A025C}.Release|Any CPU.Build.0 = Release|Any CPU
	EndGlobalSection
	GlobalSection(SolutionProperties) = preSolution
		HideSolutionNode = FALSE
	EndGlobalSection
	GlobalSection(ExtensibilityGlobals) = postSolution
		SolutionGuid = {54F92050-1B49-4739-9A84-92435779D62E}
	EndGlobalSection
EndGlobal
